
Microsoft Visual Studio Solution File, Format Version 12.00
# Visual Studio Version 17
VisualStudioVersion = 17.8.34330.188
MinimumVisualStudioVersion = 10.0.40219.1
Project("{FAE04EC0-301F-11D3-BF4B-00C04F79EFBC}") = "ToDo-List", "ToDo-List\ToDo-List.csproj", "{2B684470-D967-4C25-8DD1-D073BF554DE7}"
EndProject
Global
	GlobalSection(SolutionConfigurationPlatforms) = preSolution
		Debug|Any CPU = Debug|Any CPU
		Release|Any CPU = Release|Any CPU
	EndGlobalSection
	GlobalSection(ProjectConfigurationPlatforms) = postSolution
		{2B684470-D967-4C25-8DD1-D073BF554DE7}.Debug|Any CPU.ActiveCfg = Debug|Any CPU
		{2B684470-D967-4C25-8DD1-D073BF554DE7}.Debug|Any CPU.Build.0 = Debug|Any CPU
		{2B684470-D967-4C25-8DD1-D073BF554DE7}.Release|Any CPU.ActiveCfg = Release|Any CPU
		{2B684470-D967-4C25-8DD1-D073BF554DE7}.Release|Any CPU.Build.0 = Release|Any CPU
	EndGlobalSection
	GlobalSection(SolutionProperties) = preSolution
		HideSolutionNode = FALSE
	EndGlobalSection
	GlobalSection(ExtensibilityGlobals) = postSolution
		SolutionGuid = {2888E2F5-E2E7-49B8-9114-A2DDD34436F5}
	EndGlobalSection
EndGlobal
